
Microsoft Visual Studio Solution File, Format Version 12.00
# Visual Studio 15
VisualStudioVersion = 15.0.26730.3
MinimumVisualStudioVersion = 10.0.40219.1
Project("{9A19103F-16F7-4668-BE54-9A1E7A4F7556}") = "OrderRegistrar.Console", "OrderRegistrar.Console\OrderRegistrar.Console.csproj", "{266AE83C-B6EA-4C62-A45B-8BB9214C849B}"
EndProject
Project("{9A19103F-16F7-4668-BE54-9A1E7A4F7556}") = "OrderRegistrar.Domain", "OrderRegistrar.Domain\OrderRegistrar.Domain.csproj", "{7D3620E4-BADB-4AB0-B424-7F6BC0E6E876}"
EndProject
Project("{9A19103F-16F7-4668-BE54-9A1E7A4F7556}") = "OrderRegistrar.Infrastructure", "OrderRegistrar.Infrastructure\OrderRegistrar.Infrastructure.csproj", "{718EA72D-D30A-4E07-8760-4686227517A9}"
EndProject
Project("{9A19103F-16F7-4668-BE54-9A1E7A4F7556}") = "OrderRegistrar.Tests", "OrderRegistrar.Tests\OrderRegistrar.Tests.csproj", "{CE3AB8E5-7A3B-4CB1-95A1-F1FAC30FD9AC}"
EndProject
Global
	GlobalSection(SolutionConfigurationPlatforms) = preSolution
		Debug|Any CPU = Debug|Any CPU
		Release|Any CPU = Release|Any CPU
	EndGlobalSection
	GlobalSection(ProjectConfigurationPlatforms) = postSolution
		{266AE83C-B6EA-4C62-A45B-8BB9214C849B}.Debug|Any CPU.ActiveCfg = Debug|Any CPU
		{266AE83C-B6EA-4C62-A45B-8BB9214C849B}.Debug|Any CPU.Build.0 = Debug|Any CPU
		{266AE83C-B6EA-4C62-A45B-8BB9214C849B}.Release|Any CPU.ActiveCfg = Release|Any CPU
		{266AE83C-B6EA-4C62-A45B-8BB9214C849B}.Release|Any CPU.Build.0 = Release|Any CPU
		{7D3620E4-BADB-4AB0-B424-7F6BC0E6E876}.Debug|Any CPU.ActiveCfg = Debug|Any CPU
		{7D3620E4-BADB-4AB0-B424-7F6BC0E6E876}.Debug|Any CPU.Build.0 = Debug|Any CPU
		{7D3620E4-BADB-4AB0-B424-7F6BC0E6E876}.Release|Any CPU.ActiveCfg = Release|Any CPU
		{7D3620E4-BADB-4AB0-B424-7F6BC0E6E876}.Release|Any CPU.Build.0 = Release|Any CPU
		{718EA72D-D30A-4E07-8760-4686227517A9}.Debug|Any CPU.ActiveCfg = Debug|Any CPU
		{718EA72D-D30A-4E07-8760-4686227517A9}.Debug|Any CPU.Build.0 = Debug|Any CPU
		{718EA72D-D30A-4E07-8760-4686227517A9}.Release|Any CPU.ActiveCfg = Release|Any CPU
		{718EA72D-D30A-4E07-8760-4686227517A9}.Release|Any CPU.Build.0 = Release|Any CPU
		{CE3AB8E5-7A3B-4CB1-95A1-F1FAC30FD9AC}.Debug|Any CPU.ActiveCfg = Debug|Any CPU
		{CE3AB8E5-7A3B-4CB1-95A1-F1FAC30FD9AC}.Debug|Any CPU.Build.0 = Debug|Any CPU
		{CE3AB8E5-7A3B-4CB1-95A1-F1FAC30FD9AC}.Release|Any CPU.ActiveCfg = Release|Any CPU
		{CE3AB8E5-7A3B-4CB1-95A1-F1FAC30FD9AC}.Release|Any CPU.Build.0 = Release|Any CPU
	EndGlobalSection
	GlobalSection(SolutionProperties) = preSolution
		HideSolutionNode = FALSE
	EndGlobalSection
	GlobalSection(ExtensibilityGlobals) = postSolution
		SolutionGuid = {7237618B-9914-45DF-9052-0445581A9FB3}
	EndGlobalSection
EndGlobal
